
Microsoft Visual Studio Solution File, Format Version 12.00
# Visual Studio Version 17
VisualStudioVersion = 17.9.34728.123
MinimumVisualStudioVersion = 10.0.40219.1
Project("{FAE04EC0-301F-11D3-BF4B-00C04F79EFBC}") = "NavyBattleClient", "NavyBattleClient.csproj", "{C7BD2C1C-7DA3-4EBA-AFAA-C3236F8B6C8E}"
EndProject
Global
	GlobalSection(SolutionConfigurationPlatforms) = preSolution
		Debug|Any CPU = Debug|Any CPU
		Release|Any CPU = Release|Any CPU
	EndGlobalSection
	GlobalSection(ProjectConfigurationPlatforms) = postSolution
		{C7BD2C1C-7DA3-4EBA-AFAA-C3236F8B6C8E}.Debug|Any CPU.ActiveCfg = Debug|Any CPU
		{C7BD2C1C-7DA3-4EBA-AFAA-C3236F8B6C8E}.Debug|Any CPU.Build.0 = Debug|Any CPU
		{C7BD2C1C-7DA3-4EBA-AFAA-C3236F8B6C8E}.Release|Any CPU.ActiveCfg = Release|Any CPU
		{C7BD2C1C-7DA3-4EBA-AFAA-C3236F8B6C8E}.Release|Any CPU.Build.0 = Release|Any CPU
	EndGlobalSection
	GlobalSection(SolutionProperties) = preSolution
		HideSolutionNode = FALSE
	EndGlobalSection
	GlobalSection(ExtensibilityGlobals) = postSolution
		SolutionGuid = {7FF9CA05-2F98-42E6-9413-F48BB8F95846}
	EndGlobalSection
EndGlobal
