
Microsoft Visual Studio Solution File, Format Version 12.00
# Visual Studio Version 17
VisualStudioVersion = 17.9.34728.123
MinimumVisualStudioVersion = 10.0.40219.1
Project("{FAE04EC0-301F-11D3-BF4B-00C04F79EFBC}") = "NavyBattleAPI", "NavyBattleAPI.csproj", "{B2925B9A-FCCA-4DC5-9D52-B48A1AAA4A67}"
EndProject
Global
	GlobalSection(SolutionConfigurationPlatforms) = preSolution
		Debug|Any CPU = Debug|Any CPU
		Release|Any CPU = Release|Any CPU
	EndGlobalSection
	GlobalSection(ProjectConfigurationPlatforms) = postSolution
		{B2925B9A-FCCA-4DC5-9D52-B48A1AAA4A67}.Debug|Any CPU.ActiveCfg = Debug|Any CPU
		{B2925B9A-FCCA-4DC5-9D52-B48A1AAA4A67}.Debug|Any CPU.Build.0 = Debug|Any CPU
		{B2925B9A-FCCA-4DC5-9D52-B48A1AAA4A67}.Release|Any CPU.ActiveCfg = Release|Any CPU
		{B2925B9A-FCCA-4DC5-9D52-B48A1AAA4A67}.Release|Any CPU.Build.0 = Release|Any CPU
	EndGlobalSection
	GlobalSection(SolutionProperties) = preSolution
		HideSolutionNode = FALSE
	EndGlobalSection
	GlobalSection(ExtensibilityGlobals) = postSolution
		SolutionGuid = {22CC8E55-B242-45F8-B124-730B3CF8D109}
	EndGlobalSection
EndGlobal
